
Microsoft Visual Studio Solution File, Format Version 12.00
# Blend for Visual Studio Version 16
VisualStudioVersion = 16.0.29905.134
MinimumVisualStudioVersion = 10.0.40219.1
Project("{FAE04EC0-301F-11D3-BF4B-00C04F79EFBC}") = "FlightSimulatorApp", "FlightSimulatorApp\FlightSimulatorApp.csproj", "{BE3A662C-A86F-4E67-9514-FCFC61E33A51}"
EndProject
Global
	GlobalSection(SolutionConfigurationPlatforms) = preSolution
		Debug|Any CPU = Debug|Any CPU
		Release|Any CPU = Release|Any CPU
	EndGlobalSection
	GlobalSection(ProjectConfigurationPlatforms) = postSolution
		{BE3A662C-A86F-4E67-9514-FCFC61E33A51}.Debug|Any CPU.ActiveCfg = Debug|Any CPU
		{BE3A662C-A86F-4E67-9514-FCFC61E33A51}.Debug|Any CPU.Build.0 = Debug|Any CPU
		{BE3A662C-A86F-4E67-9514-FCFC61E33A51}.Release|Any CPU.ActiveCfg = Release|Any CPU
		{BE3A662C-A86F-4E67-9514-FCFC61E33A51}.Release|Any CPU.Build.0 = Release|Any CPU
	EndGlobalSection
	GlobalSection(SolutionProperties) = preSolution
		HideSolutionNode = FALSE
	EndGlobalSection
	GlobalSection(ExtensibilityGlobals) = postSolution
		SolutionGuid = {7CB129C3-2C7A-481C-9EFE-5E2DCE2D1F51}
	EndGlobalSection
EndGlobal
